{
  "name": "Backend",
  "lockfileVersion": 3,
  "requires": true,
  "packages": {
    "": {
      "dependencies": {
        "@oogaboogagames/game-core": "^0.2.3"
      }
    },
    "node_modules/@oogaboogagames/game-core": {
      "version": "0.2.3",
      "resolved": "https://registry.npmjs.org/@oogaboogagames/game-core/-/game-core-0.2.3.tgz",
      "integrity": "sha512-jVVp+2mNBUAPLSyGAVM/2bTLtifClhoavUdCLCC6T2bwbmv+1oOD7N7w0/PAD3gm9QCGKbla4QjwSn0qXvBKqw==",
      "peerDependencies": {
        "typescript": "^5.2.2"
      }
    },
    "node_modules/typescript": {
      "version": "5.2.2",
      "resolved": "https://registry.npmjs.org/typescript/-/typescript-5.2.2.tgz",
      "integrity": "sha512-mI4WrpHsbCIcwT9cF4FZvr80QUeKvsUsUvKDoR+X/7XHQH98xYD8YHZg7ANtz2GtZt/CBq2QJ0thkGJMHfqc1w==",
      "peer": true,
      "bin": {
        "tsc": "bin/tsc",
        "tsserver": "bin/tsserver"
      },
      "engines": {
        "node": ">=14.17"
      }
    }
  }
}
