{
  "name": "Backend",
  "lockfileVersion": 3,
  "requires": true,
  "packages": {
    "": {
      "dependencies": {
        "@oogaboogagames/game-core": "^0.2.8"
      }
    },
    "node_modules/@oogaboogagames/game-core": {
      "version": "0.2.8",
      "resolved": "https://registry.npmjs.org/@oogaboogagames/game-core/-/game-core-0.2.8.tgz",
      "integrity": "sha512-I1qhGbzeZmgASWmpWecGm1bn2kbEvVu3anMs/+gnkVaizVeSuBHtLWB3hsN4GUhJlBYBXZHEOHxeJniVsbuonA==",
      "peerDependencies": {
        "typescript": "^5.2.2"
      }
    },
    "node_modules/typescript": {
      "version": "5.3.3",
      "resolved": "https://registry.npmjs.org/typescript/-/typescript-5.3.3.tgz",
      "integrity": "sha512-pXWcraxM0uxAS+tN0AG/BF2TyqmHO014Z070UsJ+pFvYuRSq8KH8DmWpnbXe0pEPDHXZV3FcAbJkijJ5oNEnWw==",
      "peer": true,
      "bin": {
        "tsc": "bin/tsc",
        "tsserver": "bin/tsserver"
      },
      "engines": {
        "node": ">=14.17"
      }
    }
  }
}
